
Microsoft Visual Studio Solution File, Format Version 12.00
# Visual Studio Version 16
VisualStudioVersion = 16.0.29613.14
MinimumVisualStudioVersion = 10.0.40219.1
Project("{FAE04EC0-301F-11D3-BF4B-00C04F79EFBC}") = "Restaurant", "Restaurant\Restaurant.csproj", "{3ED6E00B-766C-47DB-8784-0AE006CAF9B5}"
EndProject
Global
	GlobalSection(SolutionConfigurationPlatforms) = preSolution
		Debug|Any CPU = Debug|Any CPU
		Release|Any CPU = Release|Any CPU
	EndGlobalSection
	GlobalSection(ProjectConfigurationPlatforms) = postSolution
		{3ED6E00B-766C-47DB-8784-0AE006CAF9B5}.Debug|Any CPU.ActiveCfg = Debug|Any CPU
		{3ED6E00B-766C-47DB-8784-0AE006CAF9B5}.Debug|Any CPU.Build.0 = Debug|Any CPU
		{3ED6E00B-766C-47DB-8784-0AE006CAF9B5}.Release|Any CPU.ActiveCfg = Release|Any CPU
		{3ED6E00B-766C-47DB-8784-0AE006CAF9B5}.Release|Any CPU.Build.0 = Release|Any CPU
	EndGlobalSection
	GlobalSection(SolutionProperties) = preSolution
		HideSolutionNode = FALSE
	EndGlobalSection
	GlobalSection(ExtensibilityGlobals) = postSolution
		SolutionGuid = {33AE6CC8-C0B7-415B-85D1-93EDC9437F93}
	EndGlobalSection
EndGlobal
